
Microsoft Visual Studio Solution File, Format Version 12.00
# Visual Studio 15
VisualStudioVersion = 15.0.28307.539
MinimumVisualStudioVersion = 10.0.40219.1
Project("{FAE04EC0-301F-11D3-BF4B-00C04F79EFBC}") = "CsMerge", "CsMerge\CsMerge.csproj", "{4EBE13DA-83CD-4B07-99ED-098EDE83F5E5}"
EndProject
Project("{FAE04EC0-301F-11D3-BF4B-00C04F79EFBC}") = "PackagesMerge.Test", "PackagesMerge.Test\PackagesMerge.Test.csproj", "{3E77C34D-EAF5-420F-9306-A3A0F776536B}"
EndProject
Project("{FAE04EC0-301F-11D3-BF4B-00C04F79EFBC}") = "CsMerge.Core", "CsMerge.Core\CsMerge.Core.csproj", "{BD6AF56E-5128-4E09-852D-159BB21972D3}"
EndProject
Project("{FAE04EC0-301F-11D3-BF4B-00C04F79EFBC}") = "CsUpdate", "CsUpdate\CsUpdate.csproj", "{5D98305C-3F53-4443-8967-2488C5AA2DD9}"
EndProject
Project("{FAE04EC0-301F-11D3-BF4B-00C04F79EFBC}") = "Integration", "NuGetHelpers\Integration.csproj", "{DB65377A-F2EC-47DF-BB8B-3DB53CDF354A}"
EndProject
Project("{FAE04EC0-301F-11D3-BF4B-00C04F79EFBC}") = "Project", "Project\Project.csproj", "{C3657091-FE14-4695-B531-6CABDAA40FB7}"
EndProject
Project("{FAE04EC0-301F-11D3-BF4B-00C04F79EFBC}") = "CsUpdate.Core", "CsUpdate.Core\CsUpdate.Core.csproj", "{EE69C9BF-E6E3-4257-AE82-44910C266F37}"
EndProject
Project("{FAE04EC0-301F-11D3-BF4B-00C04F79EFBC}") = "CWDev.SLNTools.Core", "SlnTools\CWDev.SLNTools.Core.dll\CWDev.SLNTools.Core.csproj", "{055CF73F-58D6-4E8F-89B0-3FDDC5CC57F5}"
EndProject
Project("{FAE04EC0-301F-11D3-BF4B-00C04F79EFBC}") = "CWDev.SLNTools.UIKit", "SlnTools\CWDev.SLNTools.UIKit.dll\CWDev.SLNTools.UIKit.csproj", "{71CBD77B-D29A-42F6-B0F1-D0EFFE095CCC}"
EndProject
Project("{FAE04EC0-301F-11D3-BF4B-00C04F79EFBC}") = "SLNTools", "SlnTools\SLNTools.exe\SLNTools.csproj", "{00082D4F-899D-4A3B-B8C6-E9A25244E2B3}"
EndProject
Project("{2150E333-8FDC-42A3-9474-1A3956D46DE8}") = "SlnTools", "SlnTools", "{BBB43749-D35B-44AD-8BDD-02F4677811EB}"
EndProject
Project("{FAE04EC0-301F-11D3-BF4B-00C04F79EFBC}") = "Configit.CsMerge.Test", "CsMerge.Test\Configit.CsMerge.Test.csproj", "{CBB1F300-EDC2-486E-ADAB-70556A4D5500}"
EndProject
Global
	GlobalSection(SolutionConfigurationPlatforms) = preSolution
		Debug|Any CPU = Debug|Any CPU
		Debug|Mixed Platforms = Debug|Mixed Platforms
		Debug|x86 = Debug|x86
		Release|Any CPU = Release|Any CPU
		Release|Mixed Platforms = Release|Mixed Platforms
		Release|x86 = Release|x86
	EndGlobalSection
	GlobalSection(ProjectConfigurationPlatforms) = postSolution
		{4EBE13DA-83CD-4B07-99ED-098EDE83F5E5}.Debug|Any CPU.ActiveCfg = Debug|Any CPU
		{4EBE13DA-83CD-4B07-99ED-098EDE83F5E5}.Debug|Any CPU.Build.0 = Debug|Any CPU
		{4EBE13DA-83CD-4B07-99ED-098EDE83F5E5}.Debug|Mixed Platforms.ActiveCfg = Debug|Any CPU
		{4EBE13DA-83CD-4B07-99ED-098EDE83F5E5}.Debug|Mixed Platforms.Build.0 = Debug|Any CPU
		{4EBE13DA-83CD-4B07-99ED-098EDE83F5E5}.Debug|x86.ActiveCfg = Debug|Any CPU
		{4EBE13DA-83CD-4B07-99ED-098EDE83F5E5}.Release|Any CPU.ActiveCfg = Release|Any CPU
		{4EBE13DA-83CD-4B07-99ED-098EDE83F5E5}.Release|Any CPU.Build.0 = Release|Any CPU
		{4EBE13DA-83CD-4B07-99ED-098EDE83F5E5}.Release|Mixed Platforms.ActiveCfg = Release|Any CPU
		{4EBE13DA-83CD-4B07-99ED-098EDE83F5E5}.Release|Mixed Platforms.Build.0 = Release|Any CPU
		{4EBE13DA-83CD-4B07-99ED-098EDE83F5E5}.Release|x86.ActiveCfg = Release|Any CPU
		{3E77C34D-EAF5-420F-9306-A3A0F776536B}.Debug|Any CPU.ActiveCfg = Debug|Any CPU
		{3E77C34D-EAF5-420F-9306-A3A0F776536B}.Debug|Any CPU.Build.0 = Debug|Any CPU
		{3E77C34D-EAF5-420F-9306-A3A0F776536B}.Debug|Mixed Platforms.ActiveCfg = Debug|Any CPU
		{3E77C34D-EAF5-420F-9306-A3A0F776536B}.Debug|Mixed Platforms.Build.0 = Debug|Any CPU
		{3E77C34D-EAF5-420F-9306-A3A0F776536B}.Debug|x86.ActiveCfg = Debug|Any CPU
		{3E77C34D-EAF5-420F-9306-A3A0F776536B}.Release|Any CPU.ActiveCfg = Release|Any CPU
		{3E77C34D-EAF5-420F-9306-A3A0F776536B}.Release|Any CPU.Build.0 = Release|Any CPU
		{3E77C34D-EAF5-420F-9306-A3A0F776536B}.Release|Mixed Platforms.ActiveCfg = Release|Any CPU
		{3E77C34D-EAF5-420F-9306-A3A0F776536B}.Release|Mixed Platforms.Build.0 = Release|Any CPU
		{3E77C34D-EAF5-420F-9306-A3A0F776536B}.Release|x86.ActiveCfg = Release|Any CPU
		{BD6AF56E-5128-4E09-852D-159BB21972D3}.Debug|Any CPU.ActiveCfg = Debug|Any CPU
		{BD6AF56E-5128-4E09-852D-159BB21972D3}.Debug|Any CPU.Build.0 = Debug|Any CPU
		{BD6AF56E-5128-4E09-852D-159BB21972D3}.Debug|Mixed Platforms.ActiveCfg = Debug|Any CPU
		{BD6AF56E-5128-4E09-852D-159BB21972D3}.Debug|Mixed Platforms.Build.0 = Debug|Any CPU
		{BD6AF56E-5128-4E09-852D-159BB21972D3}.Debug|x86.ActiveCfg = Debug|Any CPU
		{BD6AF56E-5128-4E09-852D-159BB21972D3}.Release|Any CPU.ActiveCfg = Release|Any CPU
		{BD6AF56E-5128-4E09-852D-159BB21972D3}.Release|Any CPU.Build.0 = Release|Any CPU
		{BD6AF56E-5128-4E09-852D-159BB21972D3}.Release|Mixed Platforms.ActiveCfg = Release|Any CPU
		{BD6AF56E-5128-4E09-852D-159BB21972D3}.Release|Mixed Platforms.Build.0 = Release|Any CPU
		{BD6AF56E-5128-4E09-852D-159BB21972D3}.Release|x86.ActiveCfg = Release|Any CPU
		{5D98305C-3F53-4443-8967-2488C5AA2DD9}.Debug|Any CPU.ActiveCfg = Debug|Any CPU
		{5D98305C-3F53-4443-8967-2488C5AA2DD9}.Debug|Any CPU.Build.0 = Debug|Any CPU
		{5D98305C-3F53-4443-8967-2488C5AA2DD9}.Debug|Mixed Platforms.ActiveCfg = Debug|Any CPU
		{5D98305C-3F53-4443-8967-2488C5AA2DD9}.Debug|Mixed Platforms.Build.0 = Debug|Any CPU
		{5D98305C-3F53-4443-8967-2488C5AA2DD9}.Debug|x86.ActiveCfg = Debug|Any CPU
		{5D98305C-3F53-4443-8967-2488C5AA2DD9}.Debug|x86.Build.0 = Debug|Any CPU
		{5D98305C-3F53-4443-8967-2488C5AA2DD9}.Release|Any CPU.ActiveCfg = Release|Any CPU
		{5D98305C-3F53-4443-8967-2488C5AA2DD9}.Release|Any CPU.Build.0 = Release|Any CPU
		{5D98305C-3F53-4443-8967-2488C5AA2DD9}.Release|Mixed Platforms.ActiveCfg = Release|Any CPU
		{5D98305C-3F53-4443-8967-2488C5AA2DD9}.Release|Mixed Platforms.Build.0 = Release|Any CPU
		{5D98305C-3F53-4443-8967-2488C5AA2DD9}.Release|x86.ActiveCfg = Release|Any CPU
		{5D98305C-3F53-4443-8967-2488C5AA2DD9}.Release|x86.Build.0 = Release|Any CPU
		{DB65377A-F2EC-47DF-BB8B-3DB53CDF354A}.Debug|Any CPU.ActiveCfg = Debug|Any CPU
		{DB65377A-F2EC-47DF-BB8B-3DB53CDF354A}.Debug|Any CPU.Build.0 = Debug|Any CPU
		{DB65377A-F2EC-47DF-BB8B-3DB53CDF354A}.Debug|Mixed Platforms.ActiveCfg = Debug|Any CPU
		{DB65377A-F2EC-47DF-BB8B-3DB53CDF354A}.Debug|Mixed Platforms.Build.0 = Debug|Any CPU
		{DB65377A-F2EC-47DF-BB8B-3DB53CDF354A}.Debug|x86.ActiveCfg = Debug|Any CPU
		{DB65377A-F2EC-47DF-BB8B-3DB53CDF354A}.Debug|x86.Build.0 = Debug|Any CPU
		{DB65377A-F2EC-47DF-BB8B-3DB53CDF354A}.Release|Any CPU.ActiveCfg = Release|Any CPU
		{DB65377A-F2EC-47DF-BB8B-3DB53CDF354A}.Release|Any CPU.Build.0 = Release|Any CPU
		{DB65377A-F2EC-47DF-BB8B-3DB53CDF354A}.Release|Mixed Platforms.ActiveCfg = Release|Any CPU
		{DB65377A-F2EC-47DF-BB8B-3DB53CDF354A}.Release|Mixed Platforms.Build.0 = Release|Any CPU
		{DB65377A-F2EC-47DF-BB8B-3DB53CDF354A}.Release|x86.ActiveCfg = Release|Any CPU
		{DB65377A-F2EC-47DF-BB8B-3DB53CDF354A}.Release|x86.Build.0 = Release|Any CPU
		{C3657091-FE14-4695-B531-6CABDAA40FB7}.Debug|Any CPU.ActiveCfg = Debug|Any CPU
		{C3657091-FE14-4695-B531-6CABDAA40FB7}.Debug|Any CPU.Build.0 = Debug|Any CPU
		{C3657091-FE14-4695-B531-6CABDAA40FB7}.Debug|Mixed Platforms.ActiveCfg = Debug|Any CPU
		{C3657091-FE14-4695-B531-6CABDAA40FB7}.Debug|Mixed Platforms.Build.0 = Debug|Any CPU
		{C3657091-FE14-4695-B531-6CABDAA40FB7}.Debug|x86.ActiveCfg = Debug|Any CPU
		{C3657091-FE14-4695-B531-6CABDAA40FB7}.Debug|x86.Build.0 = Debug|Any CPU
		{C3657091-FE14-4695-B531-6CABDAA40FB7}.Release|Any CPU.ActiveCfg = Release|Any CPU
		{C3657091-FE14-4695-B531-6CABDAA40FB7}.Release|Any CPU.Build.0 = Release|Any CPU
		{C3657091-FE14-4695-B531-6CABDAA40FB7}.Release|Mixed Platforms.ActiveCfg = Release|Any CPU
		{C3657091-FE14-4695-B531-6CABDAA40FB7}.Release|Mixed Platforms.Build.0 = Release|Any CPU
		{C3657091-FE14-4695-B531-6CABDAA40FB7}.Release|x86.ActiveCfg = Release|Any CPU
		{C3657091-FE14-4695-B531-6CABDAA40FB7}.Release|x86.Build.0 = Release|Any CPU
		{EE69C9BF-E6E3-4257-AE82-44910C266F37}.Debug|Any CPU.ActiveCfg = Debug|Any CPU
		{EE69C9BF-E6E3-4257-AE82-44910C266F37}.Debug|Any CPU.Build.0 = Debug|Any CPU
		{EE69C9BF-E6E3-4257-AE82-44910C266F37}.Debug|Mixed Platforms.ActiveCfg = Debug|Any CPU
		{EE69C9BF-E6E3-4257-AE82-44910C266F37}.Debug|Mixed Platforms.Build.0 = Debug|Any CPU
		{EE69C9BF-E6E3-4257-AE82-44910C266F37}.Debug|x86.ActiveCfg = Debug|Any CPU
		{EE69C9BF-E6E3-4257-AE82-44910C266F37}.Debug|x86.Build.0 = Debug|Any CPU
		{EE69C9BF-E6E3-4257-AE82-44910C266F37}.Release|Any CPU.ActiveCfg = Release|Any CPU
		{EE69C9BF-E6E3-4257-AE82-44910C266F37}.Release|Any CPU.Build.0 = Release|Any CPU
		{EE69C9BF-E6E3-4257-AE82-44910C266F37}.Release|Mixed Platforms.ActiveCfg = Release|Any CPU
		{EE69C9BF-E6E3-4257-AE82-44910C266F37}.Release|Mixed Platforms.Build.0 = Release|Any CPU
		{EE69C9BF-E6E3-4257-AE82-44910C266F37}.Release|x86.ActiveCfg = Release|Any CPU
		{EE69C9BF-E6E3-4257-AE82-44910C266F37}.Release|x86.Build.0 = Release|Any CPU
		{055CF73F-58D6-4E8F-89B0-3FDDC5CC57F5}.Debug|Any CPU.ActiveCfg = Debug|Any CPU
		{055CF73F-58D6-4E8F-89B0-3FDDC5CC57F5}.Debug|Any CPU.Build.0 = Debug|Any CPU
		{055CF73F-58D6-4E8F-89B0-3FDDC5CC57F5}.Debug|Mixed Platforms.ActiveCfg = Debug|Any CPU
		{055CF73F-58D6-4E8F-89B0-3FDDC5CC57F5}.Debug|Mixed Platforms.Build.0 = Debug|Any CPU
		{055CF73F-58D6-4E8F-89B0-3FDDC5CC57F5}.Debug|x86.ActiveCfg = Debug|Any CPU
		{055CF73F-58D6-4E8F-89B0-3FDDC5CC57F5}.Debug|x86.Build.0 = Debug|Any CPU
		{055CF73F-58D6-4E8F-89B0-3FDDC5CC57F5}.Release|Any CPU.ActiveCfg = Release|Any CPU
		{055CF73F-58D6-4E8F-89B0-3FDDC5CC57F5}.Release|Any CPU.Build.0 = Release|Any CPU
		{055CF73F-58D6-4E8F-89B0-3FDDC5CC57F5}.Release|Mixed Platforms.ActiveCfg = Release|Any CPU
		{055CF73F-58D6-4E8F-89B0-3FDDC5CC57F5}.Release|Mixed Platforms.Build.0 = Release|Any CPU
		{055CF73F-58D6-4E8F-89B0-3FDDC5CC57F5}.Release|x86.ActiveCfg = Release|Any CPU
		{055CF73F-58D6-4E8F-89B0-3FDDC5CC57F5}.Release|x86.Build.0 = Release|Any CPU
		{71CBD77B-D29A-42F6-B0F1-D0EFFE095CCC}.Debug|Any CPU.ActiveCfg = Debug|Any CPU
		{71CBD77B-D29A-42F6-B0F1-D0EFFE095CCC}.Debug|Any CPU.Build.0 = Debug|Any CPU
		{71CBD77B-D29A-42F6-B0F1-D0EFFE095CCC}.Debug|Mixed Platforms.ActiveCfg = Debug|Any CPU
		{71CBD77B-D29A-42F6-B0F1-D0EFFE095CCC}.Debug|Mixed Platforms.Build.0 = Debug|Any CPU
		{71CBD77B-D29A-42F6-B0F1-D0EFFE095CCC}.Debug|x86.ActiveCfg = Debug|Any CPU
		{71CBD77B-D29A-42F6-B0F1-D0EFFE095CCC}.Debug|x86.Build.0 = Debug|Any CPU
		{71CBD77B-D29A-42F6-B0F1-D0EFFE095CCC}.Release|Any CPU.ActiveCfg = Release|Any CPU
		{71CBD77B-D29A-42F6-B0F1-D0EFFE095CCC}.Release|Any CPU.Build.0 = Release|Any CPU
		{71CBD77B-D29A-42F6-B0F1-D0EFFE095CCC}.Release|Mixed Platforms.ActiveCfg = Release|Any CPU
		{71CBD77B-D29A-42F6-B0F1-D0EFFE095CCC}.Release|Mixed Platforms.Build.0 = Release|Any CPU
		{71CBD77B-D29A-42F6-B0F1-D0EFFE095CCC}.Release|x86.ActiveCfg = Release|Any CPU
		{71CBD77B-D29A-42F6-B0F1-D0EFFE095CCC}.Release|x86.Build.0 = Release|Any CPU
		{00082D4F-899D-4A3B-B8C6-E9A25244E2B3}.Debug|Any CPU.ActiveCfg = Debug|Any CPU
		{00082D4F-899D-4A3B-B8C6-E9A25244E2B3}.Debug|Any CPU.Build.0 = Debug|Any CPU
		{00082D4F-899D-4A3B-B8C6-E9A25244E2B3}.Debug|Mixed Platforms.ActiveCfg = Debug|Any CPU
		{00082D4F-899D-4A3B-B8C6-E9A25244E2B3}.Debug|Mixed Platforms.Build.0 = Debug|Any CPU
		{00082D4F-899D-4A3B-B8C6-E9A25244E2B3}.Debug|x86.ActiveCfg = Debug|Any CPU
		{00082D4F-899D-4A3B-B8C6-E9A25244E2B3}.Debug|x86.Build.0 = Debug|Any CPU
		{00082D4F-899D-4A3B-B8C6-E9A25244E2B3}.Release|Any CPU.ActiveCfg = Release|Any CPU
		{00082D4F-899D-4A3B-B8C6-E9A25244E2B3}.Release|Any CPU.Build.0 = Release|Any CPU
		{00082D4F-899D-4A3B-B8C6-E9A25244E2B3}.Release|Mixed Platforms.ActiveCfg = Release|Any CPU
		{00082D4F-899D-4A3B-B8C6-E9A25244E2B3}.Release|Mixed Platforms.Build.0 = Release|Any CPU
		{00082D4F-899D-4A3B-B8C6-E9A25244E2B3}.Release|x86.ActiveCfg = Release|Any CPU
		{00082D4F-899D-4A3B-B8C6-E9A25244E2B3}.Release|x86.Build.0 = Release|Any CPU
		{CBB1F300-EDC2-486E-ADAB-70556A4D5500}.Debug|Any CPU.ActiveCfg = Debug|Any CPU
		{CBB1F300-EDC2-486E-ADAB-70556A4D5500}.Debug|Any CPU.Build.0 = Debug|Any CPU
		{CBB1F300-EDC2-486E-ADAB-70556A4D5500}.Debug|Mixed Platforms.ActiveCfg = Debug|Any CPU
		{CBB1F300-EDC2-486E-ADAB-70556A4D5500}.Debug|Mixed Platforms.Build.0 = Debug|Any CPU
		{CBB1F300-EDC2-486E-ADAB-70556A4D5500}.Debug|x86.ActiveCfg = Debug|Any CPU
		{CBB1F300-EDC2-486E-ADAB-70556A4D5500}.Debug|x86.Build.0 = Debug|Any CPU
		{CBB1F300-EDC2-486E-ADAB-70556A4D5500}.Release|Any CPU.ActiveCfg = Release|Any CPU
		{CBB1F300-EDC2-486E-ADAB-70556A4D5500}.Release|Any CPU.Build.0 = Release|Any CPU
		{CBB1F300-EDC2-486E-ADAB-70556A4D5500}.Release|Mixed Platforms.ActiveCfg = Release|Any CPU
		{CBB1F300-EDC2-486E-ADAB-70556A4D5500}.Release|Mixed Platforms.Build.0 = Release|Any CPU
		{CBB1F300-EDC2-486E-ADAB-70556A4D5500}.Release|x86.ActiveCfg = Release|Any CPU
		{CBB1F300-EDC2-486E-ADAB-70556A4D5500}.Release|x86.Build.0 = Release|Any CPU
	EndGlobalSection
	GlobalSection(SolutionProperties) = preSolution
		HideSolutionNode = FALSE
	EndGlobalSection
	GlobalSection(NestedProjects) = preSolution
		{055CF73F-58D6-4E8F-89B0-3FDDC5CC57F5} = {BBB43749-D35B-44AD-8BDD-02F4677811EB}
		{71CBD77B-D29A-42F6-B0F1-D0EFFE095CCC} = {BBB43749-D35B-44AD-8BDD-02F4677811EB}
		{00082D4F-899D-4A3B-B8C6-E9A25244E2B3} = {BBB43749-D35B-44AD-8BDD-02F4677811EB}
	EndGlobalSection
	GlobalSection(ExtensibilityGlobals) = postSolution
		SolutionGuid = {AC619DC7-E31C-4F25-B55C-8EDFEB51FF72}
	EndGlobalSection
EndGlobal
